PODS:
  - Outfit (0.1.0):
    - Outfit/All (= 0.1.0)
  - Outfit/All (0.1.0):
    - Outfit/Core
    - Outfit/UI
  - Outfit/Core (0.1.0)
  - Outfit/UI (0.1.0):
    - Outfit/Core

DEPENDENCIES:
  - Outfit (from `../`)

EXTERNAL SOURCES:
  Outfit:
    :path: "../"

SPEC CHECKSUMS:
  Outfit: c502f78d9194693d230adef9bb6ca504b44f9417

PODFILE CHECKSUM: 2e318eacac31e9fe338629fd19d92c9307b1ffd4

COCOAPODS: 1.10.1
